
Microsoft Visual Studio Solution File, Format Version 12.00
# Visual Studio 2012
Project("{FAE04EC0-301F-11D3-BF4B-00C04F79EFBC}") = "5-2索引器", "5-2索引器\5-2索引器.csproj", "{B7304159-7BEA-49C9-BAD8-3C7A34CFA56F}"
EndProject
Global
	GlobalSection(SolutionConfigurationPlatforms) = preSolution
		Debug|Any CPU = Debug|Any CPU
		Release|Any CPU = Release|Any CPU
	EndGlobalSection
	GlobalSection(ProjectConfigurationPlatforms) = postSolution
		{B7304159-7BEA-49C9-BAD8-3C7A34CFA56F}.Debug|Any CPU.ActiveCfg = Debug|Any CPU
		{B7304159-7BEA-49C9-BAD8-3C7A34CFA56F}.Debug|Any CPU.Build.0 = Debug|Any CPU
		{B7304159-7BEA-49C9-BAD8-3C7A34CFA56F}.Release|Any CPU.ActiveCfg = Release|Any CPU
		{B7304159-7BEA-49C9-BAD8-3C7A34CFA56F}.Release|Any CPU.Build.0 = Release|Any CPU
	EndGlobalSection
	GlobalSection(SolutionProperties) = preSolution
		HideSolutionNode = FALSE
	EndGlobalSection
EndGlobal
