
Microsoft Visual Studio Solution File, Format Version 10.00
# Visual Studio 2008
Project("{FAE04EC0-301F-11D3-BF4B-00C04F79EFBC}") = "5-2testIndexer", "5-2testIndexer\5-2testIndexer.csproj", "{3276FA7F-2488-450B-B08E-5674DEC5D915}"
EndProject
Global
	GlobalSection(SolutionConfigurationPlatforms) = preSolution
		Debug|Any CPU = Debug|Any CPU
		Release|Any CPU = Release|Any CPU
	EndGlobalSection
	GlobalSection(ProjectConfigurationPlatforms) = postSolution
		{3276FA7F-2488-450B-B08E-5674DEC5D915}.Debug|Any CPU.ActiveCfg = Debug|Any CPU
		{3276FA7F-2488-450B-B08E-5674DEC5D915}.Debug|Any CPU.Build.0 = Debug|Any CPU
		{3276FA7F-2488-450B-B08E-5674DEC5D915}.Release|Any CPU.ActiveCfg = Release|Any CPU
		{3276FA7F-2488-450B-B08E-5674DEC5D915}.Release|Any CPU.Build.0 = Release|Any CPU
	EndGlobalSection
	GlobalSection(SolutionProperties) = preSolution
		HideSolutionNode = FALSE
	EndGlobalSection
EndGlobal
