
Microsoft Visual Studio Solution File, Format Version 11.00
# Visual Studio 2010
Project("{FAE04EC0-301F-11D3-BF4B-00C04F79EFBC}") = "5-1test.queue", "5-1test.queue\5-1test.queue.csproj", "{24FCCA9D-90DA-4120-8BC5-006407EC0CD2}"
EndProject
Global
	GlobalSection(SolutionConfigurationPlatforms) = preSolution
		Debug|Any CPU = Debug|Any CPU
		Release|Any CPU = Release|Any CPU
	EndGlobalSection
	GlobalSection(ProjectConfigurationPlatforms) = postSolution
		{24FCCA9D-90DA-4120-8BC5-006407EC0CD2}.Debug|Any CPU.ActiveCfg = Debug|Any CPU
		{24FCCA9D-90DA-4120-8BC5-006407EC0CD2}.Debug|Any CPU.Build.0 = Debug|Any CPU
		{24FCCA9D-90DA-4120-8BC5-006407EC0CD2}.Release|Any CPU.ActiveCfg = Release|Any CPU
		{24FCCA9D-90DA-4120-8BC5-006407EC0CD2}.Release|Any CPU.Build.0 = Release|Any CPU
	EndGlobalSection
	GlobalSection(SolutionProperties) = preSolution
		HideSolutionNode = FALSE
	EndGlobalSection
EndGlobal
